{
  "nodes": {
    "nixpkgs": {
      "locked": {
        "lastModified": 1735997540,
        "narHash": "sha256-KJw56IzRoyzyHDPPer2BHtUywU3P7CwpwZznxpYzLxE=",
        "owner": "nixos",
        "repo": "nixpkgs",
        "rev": "c8d88361bddcd041dd8604b4fc7a84d8dd710fcc",
        "type": "github"
      },
      "original": {
        "owner": "nixos",
        "repo": "nixpkgs",
        "type": "github"
      }
    },
    "root": {
      "inputs": {
        "nixpkgs": "nixpkgs"
      }
    }
  },
  "root": "root",
  "version": 7
}
