{
  "nodes": {
    "nixpkgs": {
      "locked": {
        "lastModified": 1717448748,
        "narHash": "sha256-mLp6KK8+WFqJO7FWnSAu5piT7GdMypn8vOh8Ve6DwD0=",
        "owner": "anpin",
        "repo": "nixpkgs",
        "rev": "8232ef89986bb1e6e1cd79cb62cfa6f5997a2e7e",
        "type": "github"
      },
      "original": {
        "owner": "anpin",
        "ref": "next",
        "repo": "nixpkgs",
        "type": "github"
      }
    },
    "root": {
      "inputs": {
        "nixpkgs": "nixpkgs"
      }
    }
  },
  "root": "root",
  "version": 7
}
